
Microsoft Visual Studio Solution File, Format Version 12.00
# Visual Studio 15
VisualStudioVersion = 15.0.27130.2010
MinimumVisualStudioVersion = 10.0.40219.1
Project("{FAE04EC0-301F-11D3-BF4B-00C04F79EFBC}") = "ToDoList", "ToDoList\ToDoList.csproj", "{F33F2E61-66CD-4531-8D6C-0B04C5606DD4}"
EndProject
Global
	GlobalSection(SolutionConfigurationPlatforms) = preSolution
		Debug|Any CPU = Debug|Any CPU
		Release|Any CPU = Release|Any CPU
	EndGlobalSection
	GlobalSection(ProjectConfigurationPlatforms) = postSolution
		{F33F2E61-66CD-4531-8D6C-0B04C5606DD4}.Debug|Any CPU.ActiveCfg = Debug|Any CPU
		{F33F2E61-66CD-4531-8D6C-0B04C5606DD4}.Debug|Any CPU.Build.0 = Debug|Any CPU
		{F33F2E61-66CD-4531-8D6C-0B04C5606DD4}.Release|Any CPU.ActiveCfg = Release|Any CPU
		{F33F2E61-66CD-4531-8D6C-0B04C5606DD4}.Release|Any CPU.Build.0 = Release|Any CPU
	EndGlobalSection
	GlobalSection(SolutionProperties) = preSolution
		HideSolutionNode = FALSE
	EndGlobalSection
	GlobalSection(ExtensibilityGlobals) = postSolution
		SolutionGuid = {6CE05DF4-16A9-49DF-A8EC-E7B0DD818EA6}
	EndGlobalSection
EndGlobal
